
Microsoft Visual Studio Solution File, Format Version 12.00
# Visual Studio 2017
Project("{FAE04EC0-301F-11D3-BF4B-00C04F79EFBC}") = "Racing Thru Time.time", "Racing Thru Time.time.csproj", "{822F9913-A71C-1C84-2766-90895A313594}"
EndProject
Global
	GlobalSection(SolutionConfigurationPlatforms) = preSolution
		Debug|Any CPU = Debug|Any CPU
		Release|Any CPU = Release|Any CPU
	EndGlobalSection
	GlobalSection(ProjectConfigurationPlatforms) = postSolution
		{822F9913-A71C-1C84-2766-90895A313594}.Debug|Any CPU.ActiveCfg = Debug|Any CPU
		{822F9913-A71C-1C84-2766-90895A313594}.Debug|Any CPU.Build.0 = Debug|Any CPU
		{822F9913-A71C-1C84-2766-90895A313594}.Release|Any CPU.ActiveCfg = Release|Any CPU
		{822F9913-A71C-1C84-2766-90895A313594}.Release|Any CPU.Build.0 = Release|Any CPU
	EndGlobalSection
	GlobalSection(SolutionProperties) = preSolution
		HideSolutionNode = FALSE
	EndGlobalSection
EndGlobal
